
Microsoft Visual Studio Solution File, Format Version 12.00
# Visual Studio Version 16
VisualStudioVersion = 16.0.30204.135
MinimumVisualStudioVersion = 10.0.40219.1
Project("{FAE04EC0-301F-11D3-BF4B-00C04F79EFBC}") = "Nitifinalexam", "Nitifinalexam\Nitifinalexam.csproj", "{CB9CE8FD-5C70-4649-B70B-58081E91E67B}"
EndProject
Global
	GlobalSection(SolutionConfigurationPlatforms) = preSolution
		Debug|Any CPU = Debug|Any CPU
		Release|Any CPU = Release|Any CPU
	EndGlobalSection
	GlobalSection(ProjectConfigurationPlatforms) = postSolution
		{CB9CE8FD-5C70-4649-B70B-58081E91E67B}.Debug|Any CPU.ActiveCfg = Debug|Any CPU
		{CB9CE8FD-5C70-4649-B70B-58081E91E67B}.Debug|Any CPU.Build.0 = Debug|Any CPU
		{CB9CE8FD-5C70-4649-B70B-58081E91E67B}.Release|Any CPU.ActiveCfg = Release|Any CPU
		{CB9CE8FD-5C70-4649-B70B-58081E91E67B}.Release|Any CPU.Build.0 = Release|Any CPU
	EndGlobalSection
	GlobalSection(SolutionProperties) = preSolution
		HideSolutionNode = FALSE
	EndGlobalSection
	GlobalSection(ExtensibilityGlobals) = postSolution
		SolutionGuid = {5305DB31-C6D6-45FD-A66E-3159DC619F48}
	EndGlobalSection
EndGlobal
